// !$*UTF8*$!
{
	archiveVersion = 1;
	classes = {
	};
	objectVersion = 51;
	objects = {

/* Begin PBXBuildFile section */
		2469B599967388F282943C57 /* Pods_AppRouter.framework in Frameworks */ = {isa = PBXBuildFile; fileRef = B442444482B99C4E892335EE /* Pods_AppRouter.framework */; };
		3AAB67715203E16922372DF5 /* Pods_AppRouter_AppRouterTests.framework in Frameworks */ = {isa = PBXBuildFile; fileRef = 3E672EAD0AD901ACDF685473 /* Pods_AppRouter_AppRouterTests.framework */; };
		495D569625E7A96500D66DA3 /* AppRouter.swift in Sources */ = {isa = PBXBuildFile; fileRef = 495D569525E7A96500D66DA3 /* AppRouter.swift */; };
		499BB0E725E65CB5002E31AC /* AppRouter.framework in Frameworks */ = {isa = PBXBuildFile; fileRef = 499BB0DD25E65CB5002E31AC /* AppRouter.framework */; };
		499BB0EC25E65CB5002E31AC /* AppRouterTests.swift in Sources */ = {isa = PBXBuildFile; fileRef = 499BB0EB25E65CB5002E31AC /* AppRouterTests.swift */; };
/* End PBXBuildFile section */

/* Begin PBXContainerItemProxy section */
		499BB0E825E65CB5002E31AC /* PBXContainerItemProxy */ = {
			isa = PBXContainerItemProxy;
			containerPortal = 499BB0D425E65CB5002E31AC /* Project object */;
			proxyType = 1;
			remoteGlobalIDString = 499BB0DC25E65CB5002E31AC;
			remoteInfo = AppRouter;
		};
/* End PBXContainerItemProxy section */

/* Begin PBXFileReference section */
		080BCBD46A64515FB7A50483 /* Pods-AppRouter.release.xcconfig */ = {isa = PBXFileReference; includeInIndex = 1; lastKnownFileType = text.xcconfig; name = "Pods-AppRouter.release.xcconfig"; path = "Target Support Files/Pods-AppRouter/Pods-AppRouter.release.xcconfig"; sourceTree = "<group>"; };
		0B9344311B435699FCDFBDCA /* Pods-AppRouter-AppRouterTests.release.xcconfig */ = {isa = PBXFileReference; includeInIndex = 1; lastKnownFileType = text.xcconfig; name = "Pods-AppRouter-AppRouterTests.release.xcconfig"; path = "Target Support Files/Pods-AppRouter-AppRouterTests/Pods-AppRouter-AppRouterTests.release.xcconfig"; sourceTree = "<group>"; };
		0C1D9D35A890B22669CDF3FA /* Pods-AppRouter.debug.xcconfig */ = {isa = PBXFileReference; includeInIndex = 1; lastKnownFileType = text.xcconfig; name = "Pods-AppRouter.debug.xcconfig"; path = "Target Support Files/Pods-AppRouter/Pods-AppRouter.debug.xcconfig"; sourceTree = "<group>"; };
		3E672EAD0AD901ACDF685473 /* Pods_AppRouter_AppRouterTests.framework */ = {isa = PBXFileReference; explicitFileType = wrapper.framework; includeInIndex = 0; path = Pods_AppRouter_AppRouterTests.framework; sourceTree = BUILT_PRODUCTS_DIR; };
		495D569525E7A96500D66DA3 /* AppRouter.swift */ = {isa = PBXFileReference; lastKnownFileType = sourcecode.swift; path = AppRouter.swift; sourceTree = "<group>"; };
		499BB0DD25E65CB5002E31AC /* AppRouter.framework */ = {isa = PBXFileReference; explicitFileType = wrapper.framework; includeInIndex = 0; path = AppRouter.framework; sourceTree = BUILT_PRODUCTS_DIR; };
		499BB0E125E65CB5002E31AC /* Info.plist */ = {isa = PBXFileReference; lastKnownFileType = text.plist.xml; path = Info.plist; sourceTree = "<group>"; };
		499BB0E625E65CB5002E31AC /* AppRouterTests.xctest */ = {isa = PBXFileReference; explicitFileType = wrapper.cfbundle; includeInIndex = 0; path = AppRouterTests.xctest; sourceTree = BUILT_PRODUCTS_DIR; };
		499BB0EB25E65CB5002E31AC /* AppRouterTests.swift */ = {isa = PBXFileReference; lastKnownFileType = sourcecode.swift; path = AppRouterTests.swift; sourceTree = "<group>"; };
		499BB0ED25E65CB5002E31AC /* Info.plist */ = {isa = PBXFileReference; lastKnownFileType = text.plist.xml; path = Info.plist; sourceTree = "<group>"; };
		B442444482B99C4E892335EE /* Pods_AppRouter.framework */ = {isa = PBXFileReference; explicitFileType = wrapper.framework; includeInIndex = 0; path = Pods_AppRouter.framework; sourceTree = BUILT_PRODUCTS_DIR; };
		E7AC56C05BB53121E92FFA49 /* Pods-AppRouter-AppRouterTests.debug.xcconfig */ = {isa = PBXFileReference; includeInIndex = 1; lastKnownFileType = text.xcconfig; name = "Pods-AppRouter-AppRouterTests.debug.xcconfig"; path = "Target Support Files/Pods-AppRouter-AppRouterTests/Pods-AppRouter-AppRouterTests.debug.xcconfig"; sourceTree = "<group>"; };
/* End PBXFileReference section */

/* Begin PBXFrameworksBuildPhase section */
		499BB0DA25E65CB5002E31AC /* Frameworks */ = {
			isa = PBXFrameworksBuildPhase;
			buildActionMask = 2147483647;
			files = (
				2469B599967388F282943C57 /* Pods_AppRouter.framework in Frameworks */,
			);
			runOnlyForDeploymentPostprocessing = 0;
		};
		499BB0E325E65CB5002E31AC /* Frameworks */ = {
			isa = PBXFrameworksBuildPhase;
			buildActionMask = 2147483647;
			files = (
				499BB0E725E65CB5002E31AC /* AppRouter.framework in Frameworks */,
				3AAB67715203E16922372DF5 /* Pods_AppRouter_AppRouterTests.framework in Frameworks */,
			);
			runOnlyForDeploymentPostprocessing = 0;
		};
/* End PBXFrameworksBuildPhase section */

/* Begin PBXGroup section */
		499BB0D325E65CB5002E31AC = {
			isa = PBXGroup;
			children = (
				499BB0DF25E65CB5002E31AC /* AppRouter */,
				499BB0EA25E65CB5002E31AC /* AppRouterTests */,
				499BB0DE25E65CB5002E31AC /* Products */,
				AFA54ABDB401D4D3413A2376 /* Pods */,
				622525FDAFF2A98040E14012 /* Frameworks */,
			);
			sourceTree = "<group>";
		};
		499BB0DE25E65CB5002E31AC /* Products */ = {
			isa = PBXGroup;
			children = (
				499BB0DD25E65CB5002E31AC /* AppRouter.framework */,
				499BB0E625E65CB5002E31AC /* AppRouterTests.xctest */,
			);
			name = Products;
			sourceTree = "<group>";
		};
		499BB0DF25E65CB5002E31AC /* AppRouter */ = {
			isa = PBXGroup;
			children = (
				499BB0E125E65CB5002E31AC /* Info.plist */,
				495D569525E7A96500D66DA3 /* AppRouter.swift */,
			);
			path = AppRouter;
			sourceTree = "<group>";
		};
		499BB0EA25E65CB5002E31AC /* AppRouterTests */ = {
			isa = PBXGroup;
			children = (
				499BB0EB25E65CB5002E31AC /* AppRouterTests.swift */,
				499BB0ED25E65CB5002E31AC /* Info.plist */,
			);
			path = AppRouterTests;
			sourceTree = "<group>";
		};
		622525FDAFF2A98040E14012 /* Frameworks */ = {
			isa = PBXGroup;
			children = (
				B442444482B99C4E892335EE /* Pods_AppRouter.framework */,
				3E672EAD0AD901ACDF685473 /* Pods_AppRouter_AppRouterTests.framework */,
			);
			name = Frameworks;
			sourceTree = "<group>";
		};
		AFA54ABDB401D4D3413A2376 /* Pods */ = {
			isa = PBXGroup;
			children = (
				0C1D9D35A890B22669CDF3FA /* Pods-AppRouter.debug.xcconfig */,
				080BCBD46A64515FB7A50483 /* Pods-AppRouter.release.xcconfig */,
				E7AC56C05BB53121E92FFA49 /* Pods-AppRouter-AppRouterTests.debug.xcconfig */,
				0B9344311B435699FCDFBDCA /* Pods-AppRouter-AppRouterTests.release.xcconfig */,
			);
			path = Pods;
			sourceTree = "<group>";
		};
/* End PBXGroup section */

/* Begin PBXHeadersBuildPhase section */
		499BB0D825E65CB5002E31AC /* Headers */ = {
			isa = PBXHeadersBuildPhase;
			buildActionMask = 2147483647;
			files = (
			);
			runOnlyForDeploymentPostprocessing = 0;
		};
/* End PBXHeadersBuildPhase section */

/* Begin PBXNativeTarget section */
		499BB0DC25E65CB5002E31AC /* AppRouter */ = {
			isa = PBXNativeTarget;
			buildConfigurationList = 499BB0F125E65CB5002E31AC /* Build configuration list for PBXNativeTarget "AppRouter" */;
			buildPhases = (
				B3B1DB08A5F975FEE6D13BDF /* [CP] Check Pods Manifest.lock */,
				499BB0D825E65CB5002E31AC /* Headers */,
				499BB0D925E65CB5002E31AC /* Sources */,
				499BB0DA25E65CB5002E31AC /* Frameworks */,
				499BB0DB25E65CB5002E31AC /* Resources */,
			);
			buildRules = (
			);
			dependencies = (
			);
			name = AppRouter;
			productName = AppRouter;
			productReference = 499BB0DD25E65CB5002E31AC /* AppRouter.framework */;
			productType = "com.apple.product-type.framework";
		};
		499BB0E525E65CB5002E31AC /* AppRouterTests */ = {
			isa = PBXNativeTarget;
			buildConfigurationList = 499BB0F425E65CB5002E31AC /* Build configuration list for PBXNativeTarget "AppRouterTests" */;
			buildPhases = (
				E9484557C2F02A5A87978DA1 /* [CP] Check Pods Manifest.lock */,
				499BB0E225E65CB5002E31AC /* Sources */,
				499BB0E325E65CB5002E31AC /* Frameworks */,
				499BB0E425E65CB5002E31AC /* Resources */,
				4FAC0552C3F01FC0E094F719 /* [CP] Embed Pods Frameworks */,
			);
			buildRules = (
			);
			dependencies = (
				499BB0E925E65CB5002E31AC /* PBXTargetDependency */,
			);
			name = AppRouterTests;
			productName = AppRouterTests;
			productReference = 499BB0E625E65CB5002E31AC /* AppRouterTests.xctest */;
			productType = "com.apple.product-type.bundle.unit-test";
		};
/* End PBXNativeTarget section */

/* Begin PBXProject section */
		499BB0D425E65CB5002E31AC /* Project object */ = {
			isa = PBXProject;
			attributes = {
				LastSwiftUpdateCheck = 1250;
				LastUpgradeCheck = 1250;
				TargetAttributes = {
					499BB0DC25E65CB5002E31AC = {
						CreatedOnToolsVersion = 12.5;
						LastSwiftMigration = 1250;
					};
					499BB0E525E65CB5002E31AC = {
						CreatedOnToolsVersion = 12.5;
					};
				};
			};
			buildConfigurationList = 499BB0D725E65CB5002E31AC /* Build configuration list for PBXProject "AppRouter" */;
			compatibilityVersion = "Xcode 9.3";
			developmentRegion = en;
			hasScannedForEncodings = 0;
			knownRegions = (
				en,
				Base,
			);
			mainGroup = 499BB0D325E65CB5002E31AC;
			productRefGroup = 499BB0DE25E65CB5002E31AC /* Products */;
			projectDirPath = "";
			projectRoot = "";
			targets = (
				499BB0DC25E65CB5002E31AC /* AppRouter */,
				499BB0E525E65CB5002E31AC /* AppRouterTests */,
			);
		};
/* End PBXProject section */

/* Begin PBXResourcesBuildPhase section */
		499BB0DB25E65CB5002E31AC /* Resources */ = {
			isa = PBXResourcesBuildPhase;
			buildActionMask = 2147483647;
			files = (
			);
			runOnlyForDeploymentPostprocessing = 0;
		};
		499BB0E425E65CB5002E31AC /* Resources */ = {
			isa = PBXResourcesBuildPhase;
			buildActionMask = 2147483647;
			files = (
			);
			runOnlyForDeploymentPostprocessing = 0;
		};
/* End PBXResourcesBuildPhase section */

/* Begin PBXShellScriptBuildPhase section */
		4FAC0552C3F01FC0E094F719 /* [CP] Embed Pods Frameworks */ = {
			isa = PBXShellScriptBuildPhase;
			buildActionMask = 2147483647;
			files = (
			);
			inputFileListPaths = (
				"${PODS_ROOT}/Target Support Files/Pods-AppRouter-AppRouterTests/Pods-AppRouter-AppRouterTests-frameworks-${CONFIGURATION}-input-files.xcfilelist",
			);
			name = "[CP] Embed Pods Frameworks";
			outputFileListPaths = (
				"${PODS_ROOT}/Target Support Files/Pods-AppRouter-AppRouterTests/Pods-AppRouter-AppRouterTests-frameworks-${CONFIGURATION}-output-files.xcfilelist",
			);
			runOnlyForDeploymentPostprocessing = 0;
			shellPath = /bin/sh;
			shellScript = "\"${PODS_ROOT}/Target Support Files/Pods-AppRouter-AppRouterTests/Pods-AppRouter-AppRouterTests-frameworks.sh\"\n";
			showEnvVarsInLog = 0;
		};
		B3B1DB08A5F975FEE6D13BDF /* [CP] Check Pods Manifest.lock */ = {
			isa = PBXShellScriptBuildPhase;
			buildActionMask = 2147483647;
			files = (
			);
			inputFileListPaths = (
			);
			inputPaths = (
				"${PODS_PODFILE_DIR_PATH}/Podfile.lock",
				"${PODS_ROOT}/Manifest.lock",
			);
			name = "[CP] Check Pods Manifest.lock";
			outputFileListPaths = (
			);
			outputPaths = (
				"$(DERIVED_FILE_DIR)/Pods-AppRouter-checkManifestLockResult.txt",
			);
			runOnlyForDeploymentPostprocessing = 0;
			shellPath = /bin/sh;
			shellScript = "diff \"${PODS_PODFILE_DIR_PATH}/Podfile.lock\" \"${PODS_ROOT}/Manifest.lock\" > /dev/null\nif [ $? != 0 ] ; then\n    # print error to STDERR\n    echo \"error: The sandbox is not in sync with the Podfile.lock. Run 'pod install' or update your CocoaPods installation.\" >&2\n    exit 1\nfi\n# This output is used by Xcode 'outputs' to avoid re-running this script phase.\necho \"SUCCESS\" > \"${SCRIPT_OUTPUT_FILE_0}\"\n";
			showEnvVarsInLog = 0;
		};
		E9484557C2F02A5A87978DA1 /* [CP] Check Pods Manifest.lock */ = {
			isa = PBXShellScriptBuildPhase;
			buildActionMask = 2147483647;
			files = (
			);
			inputFileListPaths = (
			);
			inputPaths = (
				"${PODS_PODFILE_DIR_PATH}/Podfile.lock",
				"${PODS_ROOT}/Manifest.lock",
			);
			name = "[CP] Check Pods Manifest.lock";
			outputFileListPaths = (
			);
			outputPaths = (
				"$(DERIVED_FILE_DIR)/Pods-AppRouter-AppRouterTests-checkManifestLockResult.txt",
			);
			runOnlyForDeploymentPostprocessing = 0;
			shellPath = /bin/sh;
			shellScript = "diff \"${PODS_PODFILE_DIR_PATH}/Podfile.lock\" \"${PODS_ROOT}/Manifest.lock\" > /dev/null\nif [ $? != 0 ] ; then\n    # print error to STDERR\n    echo \"error: The sandbox is not in sync with the Podfile.lock. Run 'pod install' or update your CocoaPods installation.\" >&2\n    exit 1\nfi\n# This output is used by Xcode 'outputs' to avoid re-running this script phase.\necho \"SUCCESS\" > \"${SCRIPT_OUTPUT_FILE_0}\"\n";
			showEnvVarsInLog = 0;
		};
/* End PBXShellScriptBuildPhase section */

/* Begin PBXSourcesBuildPhase section */
		499BB0D925E65CB5002E31AC /* Sources */ = {
			isa = PBXSourcesBuildPhase;
			buildActionMask = 2147483647;
			files = (
				495D569625E7A96500D66DA3 /* AppRouter.swift in Sources */,
			);
			runOnlyForDeploymentPostprocessing = 0;
		};
		499BB0E225E65CB5002E31AC /* Sources */ = {
			isa = PBXSourcesBuildPhase;
			buildActionMask = 2147483647;
			files = (
				499BB0EC25E65CB5002E31AC /* AppRouterTests.swift in Sources */,
			);
			runOnlyForDeploymentPostprocessing = 0;
		};
/* End PBXSourcesBuildPhase section */

/* Begin PBXTargetDependency section */
		499BB0E925E65CB5002E31AC /* PBXTargetDependency */ = {
			isa = PBXTargetDependency;
			target = 499BB0DC25E65CB5002E31AC /* AppRouter */;
			targetProxy = 499BB0E825E65CB5002E31AC /* PBXContainerItemProxy */;
		};
/* End PBXTargetDependency section */

/* Begin XCBuildConfiguration section */
		499BB0EF25E65CB5002E31AC /* Debug */ = {
			isa = XCBuildConfiguration;
			buildSettings = {
				ALWAYS_SEARCH_USER_PATHS = NO;
				CLANG_ANALYZER_NONNULL = YES;
				CLANG_ANALYZER_NUMBER_OBJECT_CONVERSION = YES_AGGRESSIVE;
				CLANG_CXX_LANGUAGE_STANDARD = "gnu++14";
				CLANG_CXX_LIBRARY = "libc++";
				CLANG_ENABLE_MODULES = YES;
				CLANG_ENABLE_OBJC_ARC = YES;
				CLANG_ENABLE_OBJC_WEAK = YES;
				CLANG_WARN_BLOCK_CAPTURE_AUTORELEASING = YES;
				CLANG_WARN_BOOL_CONVERSION = YES;
				CLANG_WARN_COMMA = YES;
				CLANG_WARN_CONSTANT_CONVERSION = YES;
				CLANG_WARN_DEPRECATED_OBJC_IMPLEMENTATIONS = YES;
				CLANG_WARN_DIRECT_OBJC_ISA_USAGE = YES_ERROR;
				CLANG_WARN_DOCUMENTATION_COMMENTS = YES;
				CLANG_WARN_EMPTY_BODY = YES;
				CLANG_WARN_ENUM_CONVERSION = YES;
				CLANG_WARN_INFINITE_RECURSION = YES;
				CLANG_WARN_INT_CONVERSION = YES;
				CLANG_WARN_NON_LITERAL_NULL_CONVERSION = YES;
				CLANG_WARN_OBJC_IMPLICIT_RETAIN_SELF = YES;
				CLANG_WARN_OBJC_LITERAL_CONVERSION = YES;
				CLANG_WARN_OBJC_ROOT_CLASS = YES_ERROR;
				CLANG_WARN_QUOTED_INCLUDE_IN_FRAMEWORK_HEADER = YES;
				CLANG_WARN_RANGE_LOOP_ANALYSIS = YES;
				CLANG_WARN_STRICT_PROTOTYPES = YES;
				CLANG_WARN_SUSPICIOUS_MOVE = YES;
				CLANG_WARN_UNGUARDED_AVAILABILITY = YES_AGGRESSIVE;
				CLANG_WARN_UNREACHABLE_CODE = YES;
				CLANG_WARN__DUPLICATE_METHOD_MATCH = YES;
				COPY_PHASE_STRIP = NO;
				CURRENT_PROJECT_VERSION = 1;
				DEBUG_INFORMATION_FORMAT = dwarf;
				ENABLE_STRICT_OBJC_MSGSEND = YES;
				ENABLE_TESTABILITY = YES;
				GCC_C_LANGUAGE_STANDARD = gnu11;
				GCC_DYNAMIC_NO_PIC = NO;
				GCC_NO_COMMON_BLOCKS = YES;
				GCC_OPTIMIZATION_LEVEL = 0;
				GCC_PREPROCESSOR_DEFINITIONS = (
					"DEBUG=1",
					"$(inherited)",
				);
				GCC_WARN_64_TO_32_BIT_CONVERSION = YES;
				GCC_WARN_ABOUT_RETURN_TYPE = YES_ERROR;
				GCC_WARN_UNDECLARED_SELECTOR = YES;
				GCC_WARN_UNINITIALIZED_AUTOS = YES_AGGRESSIVE;
				GCC_WARN_UNUSED_FUNCTION = YES;
				GCC_WARN_UNUSED_VARIABLE = YES;
				IPHONEOS_DEPLOYMENT_TARGET = 14.5;
				MTL_ENABLE_DEBUG_INFO = INCLUDE_SOURCE;
				MTL_FAST_MATH = YES;
				ONLY_ACTIVE_ARCH = YES;
				SDKROOT = iphoneos;
				SWIFT_ACTIVE_COMPILATION_CONDITIONS = DEBUG;
				SWIFT_OPTIMIZATION_LEVEL = "-Onone";
				VERSIONING_SYSTEM = "apple-generic";
				VERSION_INFO_PREFIX = "";
			};
			name = Debug;
		};
		499BB0F025E65CB5002E31AC /* Release */ = {
			isa = XCBuildConfiguration;
			buildSettings = {
				ALWAYS_SEARCH_USER_PATHS = NO;
				CLANG_ANALYZER_NONNULL = YES;
				CLANG_ANALYZER_NUMBER_OBJECT_CONVERSION = YES_AGGRESSIVE;
				CLANG_CXX_LANGUAGE_STANDARD = "gnu++14";
				CLANG_CXX_LIBRARY = "libc++";
				CLANG_ENABLE_MODULES = YES;
				CLANG_ENABLE_OBJC_ARC = YES;
				CLANG_ENABLE_OBJC_WEAK = YES;
				CLANG_WARN_BLOCK_CAPTURE_AUTORELEASING = YES;
				CLANG_WARN_BOOL_CONVERSION = YES;
				CLANG_WARN_COMMA = YES;
				CLANG_WARN_CONSTANT_CONVERSION = YES;
				CLANG_WARN_DEPRECATED_OBJC_IMPLEMENTATIONS = YES;
				CLANG_WARN_DIRECT_OBJC_ISA_USAGE = YES_ERROR;
				CLANG_WARN_DOCUMENTATION_COMMENTS = YES;
				CLANG_WARN_EMPTY_BODY = YES;
				CLANG_WARN_ENUM_CONVERSION = YES;
				CLANG_WARN_INFINITE_RECURSION = YES;
				CLANG_WARN_INT_CONVERSION = YES;
				CLANG_WARN_NON_LITERAL_NULL_CONVERSION = YES;
				CLANG_WARN_OBJC_IMPLICIT_RETAIN_SELF = YES;
				CLANG_WARN_OBJC_LITERAL_CONVERSION = YES;
				CLANG_WARN_OBJC_ROOT_CLASS = YES_ERROR;
				CLANG_WARN_QUOTED_INCLUDE_IN_FRAMEWORK_HEADER = YES;
				CLANG_WARN_RANGE_LOOP_ANALYSIS = YES;
				CLANG_WARN_STRICT_PROTOTYPES = YES;
				CLANG_WARN_SUSPICIOUS_MOVE = YES;
				CLANG_WARN_UNGUARDED_AVAILABILITY = YES_AGGRESSIVE;
				CLANG_WARN_UNREACHABLE_CODE = YES;
				CLANG_WARN__DUPLICATE_METHOD_MATCH = YES;
				COPY_PHASE_STRIP = NO;
				CURRENT_PROJECT_VERSION = 1;
				DEBUG_INFORMATION_FORMAT = "dwarf-with-dsym";
				ENABLE_NS_ASSERTIONS = NO;
				ENABLE_STRICT_OBJC_MSGSEND = YES;
				GCC_C_LANGUAGE_STANDARD = gnu11;
				GCC_NO_COMMON_BLOCKS = YES;
				GCC_WARN_64_TO_32_BIT_CONVERSION = YES;
				GCC_WARN_ABOUT_RETURN_TYPE = YES_ERROR;
				GCC_WARN_UNDECLARED_SELECTOR = YES;
				GCC_WARN_UNINITIALIZED_AUTOS = YES_AGGRESSIVE;
				GCC_WARN_UNUSED_FUNCTION = YES;
				GCC_WARN_UNUSED_VARIABLE = YES;
				IPHONEOS_DEPLOYMENT_TARGET = 14.5;
				MTL_ENABLE_DEBUG_INFO = NO;
				MTL_FAST_MATH = YES;
				SDKROOT = iphoneos;
				SWIFT_COMPILATION_MODE = wholemodule;
				SWIFT_OPTIMIZATION_LEVEL = "-O";
				VALIDATE_PRODUCT = YES;
				VERSIONING_SYSTEM = "apple-generic";
				VERSION_INFO_PREFIX = "";
			};
			name = Release;
		};
		499BB0F225E65CB5002E31AC /* Debug */ = {
			isa = XCBuildConfiguration;
			baseConfigurationReference = 0C1D9D35A890B22669CDF3FA /* Pods-AppRouter.debug.xcconfig */;
			buildSettings = {
				CLANG_ENABLE_MODULES = YES;
				CODE_SIGN_STYLE = Automatic;
				DEFINES_MODULE = YES;
				DEVELOPMENT_TEAM = 2W4XUH8LUQ;
				DYLIB_COMPATIBILITY_VERSION = 1;
				DYLIB_CURRENT_VERSION = 1;
				DYLIB_INSTALL_NAME_BASE = "@rpath";
				INFOPLIST_FILE = AppRouter/Info.plist;
				INSTALL_PATH = "$(LOCAL_LIBRARY_DIR)/Frameworks";
				IPHONEOS_DEPLOYMENT_TARGET = 14.1;
				"IPHONEOS_DEPLOYMENT_TARGET[sdk=macosx*]" = 14.2;
				LD_RUNPATH_SEARCH_PATHS = (
					"$(inherited)",
					"@executable_path/Frameworks",
					"@loader_path/Frameworks",
				);
				MACOSX_DEPLOYMENT_TARGET = 11.2;
				PRODUCT_BUNDLE_IDENTIFIER = com.GanNaSong.AppRouter;
				PRODUCT_NAME = "$(TARGET_NAME:c99extidentifier)";
				SKIP_INSTALL = YES;
				SUPPORTS_MACCATALYST = YES;
				SUPPORTS_MAC_DESIGNED_FOR_IPHONE_IPAD = NO;
				SWIFT_OPTIMIZATION_LEVEL = "-Onone";
				SWIFT_VERSION = 5.0;
				TARGETED_DEVICE_FAMILY = "1,2";
			};
			name = Debug;
		};
		499BB0F325E65CB5002E31AC /* Release */ = {
			isa = XCBuildConfiguration;
			baseConfigurationReference = 080BCBD46A64515FB7A50483 /* Pods-AppRouter.release.xcconfig */;
			buildSettings = {
				CLANG_ENABLE_MODULES = YES;
				CODE_SIGN_STYLE = Automatic;
				DEFINES_MODULE = YES;
				DEVELOPMENT_TEAM = 2W4XUH8LUQ;
				DYLIB_COMPATIBILITY_VERSION = 1;
				DYLIB_CURRENT_VERSION = 1;
				DYLIB_INSTALL_NAME_BASE = "@rpath";
				INFOPLIST_FILE = AppRouter/Info.plist;
				INSTALL_PATH = "$(LOCAL_LIBRARY_DIR)/Frameworks";
				IPHONEOS_DEPLOYMENT_TARGET = 14.1;
				"IPHONEOS_DEPLOYMENT_TARGET[sdk=macosx*]" = 14.2;
				LD_RUNPATH_SEARCH_PATHS = (
					"$(inherited)",
					"@executable_path/Frameworks",
					"@loader_path/Frameworks",
				);
				MACOSX_DEPLOYMENT_TARGET = 11.2;
				PRODUCT_BUNDLE_IDENTIFIER = com.GanNaSong.AppRouter;
				PRODUCT_NAME = "$(TARGET_NAME:c99extidentifier)";
				SKIP_INSTALL = YES;
				SUPPORTS_MACCATALYST = YES;
				SUPPORTS_MAC_DESIGNED_FOR_IPHONE_IPAD = NO;
				SWIFT_VERSION = 5.0;
				TARGETED_DEVICE_FAMILY = "1,2";
			};
			name = Release;
		};
		499BB0F525E65CB5002E31AC /* Debug */ = {
			isa = XCBuildConfiguration;
			baseConfigurationReference = E7AC56C05BB53121E92FFA49 /* Pods-AppRouter-AppRouterTests.debug.xcconfig */;
			buildSettings = {
				ALWAYS_EMBED_SWIFT_STANDARD_LIBRARIES = YES;
				CODE_SIGN_STYLE = Automatic;
				DEVELOPMENT_TEAM = 2W4XUH8LUQ;
				INFOPLIST_FILE = AppRouterTests/Info.plist;
				LD_RUNPATH_SEARCH_PATHS = (
					"$(inherited)",
					"@executable_path/Frameworks",
					"@loader_path/Frameworks",
				);
				MACOSX_DEPLOYMENT_TARGET = 11.2;
				PRODUCT_BUNDLE_IDENTIFIER = com.GanNaSong.AppRouterTests;
				PRODUCT_NAME = "$(TARGET_NAME)";
				SWIFT_VERSION = 5.0;
				TARGETED_DEVICE_FAMILY = "1,2";
			};
			name = Debug;
		};
		499BB0F625E65CB5002E31AC /* Release */ = {
			isa = XCBuildConfiguration;
			baseConfigurationReference = 0B9344311B435699FCDFBDCA /* Pods-AppRouter-AppRouterTests.release.xcconfig */;
			buildSettings = {
				ALWAYS_EMBED_SWIFT_STANDARD_LIBRARIES = YES;
				CODE_SIGN_STYLE = Automatic;
				DEVELOPMENT_TEAM = 2W4XUH8LUQ;
				INFOPLIST_FILE = AppRouterTests/Info.plist;
				LD_RUNPATH_SEARCH_PATHS = (
					"$(inherited)",
					"@executable_path/Frameworks",
					"@loader_path/Frameworks",
				);
				MACOSX_DEPLOYMENT_TARGET = 11.2;
				PRODUCT_BUNDLE_IDENTIFIER = com.GanNaSong.AppRouterTests;
				PRODUCT_NAME = "$(TARGET_NAME)";
				SWIFT_VERSION = 5.0;
				TARGETED_DEVICE_FAMILY = "1,2";
			};
			name = Release;
		};
/* End XCBuildConfiguration section */

/* Begin XCConfigurationList section */
		499BB0D725E65CB5002E31AC /* Build configuration list for PBXProject "AppRouter" */ = {
			isa = XCConfigurationList;
			buildConfigurations = (
				499BB0EF25E65CB5002E31AC /* Debug */,
				499BB0F025E65CB5002E31AC /* Release */,
			);
			defaultConfigurationIsVisible = 0;
			defaultConfigurationName = Release;
		};
		499BB0F125E65CB5002E31AC /* Build configuration list for PBXNativeTarget "AppRouter" */ = {
			isa = XCConfigurationList;
			buildConfigurations = (
				499BB0F225E65CB5002E31AC /* Debug */,
				499BB0F325E65CB5002E31AC /* Release */,
			);
			defaultConfigurationIsVisible = 0;
			defaultConfigurationName = Release;
		};
		499BB0F425E65CB5002E31AC /* Build configuration list for PBXNativeTarget "AppRouterTests" */ = {
			isa = XCConfigurationList;
			buildConfigurations = (
				499BB0F525E65CB5002E31AC /* Debug */,
				499BB0F625E65CB5002E31AC /* Release */,
			);
			defaultConfigurationIsVisible = 0;
			defaultConfigurationName = Release;
		};
/* End XCConfigurationList section */
	};
	rootObject = 499BB0D425E65CB5002E31AC /* Project object */;
}
